
Microsoft Visual Studio Solution File, Format Version 12.00
# Visual Studio Version 17
VisualStudioVersion = 17.4.33103.184
MinimumVisualStudioVersion = 10.0.40219.1
Project("{FAE04EC0-301F-11D3-BF4B-00C04F79EFBC}") = "Assignment1_Csharp", "Assignment1_Csharp.csproj", "{398688AA-E290-4850-8CD4-22CAD106D130}"
EndProject
Global
	GlobalSection(SolutionConfigurationPlatforms) = preSolution
		Debug|Any CPU = Debug|Any CPU
		Release|Any CPU = Release|Any CPU
	EndGlobalSection
	GlobalSection(ProjectConfigurationPlatforms) = postSolution
		{398688AA-E290-4850-8CD4-22CAD106D130}.Debug|Any CPU.ActiveCfg = Debug|Any CPU
		{398688AA-E290-4850-8CD4-22CAD106D130}.Debug|Any CPU.Build.0 = Debug|Any CPU
		{398688AA-E290-4850-8CD4-22CAD106D130}.Release|Any CPU.ActiveCfg = Release|Any CPU
		{398688AA-E290-4850-8CD4-22CAD106D130}.Release|Any CPU.Build.0 = Release|Any CPU
	EndGlobalSection
	GlobalSection(SolutionProperties) = preSolution
		HideSolutionNode = FALSE
	EndGlobalSection
	GlobalSection(ExtensibilityGlobals) = postSolution
		SolutionGuid = {1D6AD9D9-1854-4C21-8B4D-F3A7761B2743}
	EndGlobalSection
EndGlobal
